
Microsoft Visual Studio Solution File, Format Version 12.00
# Visual Studio Version 17
VisualStudioVersion = 17.8.34511.84
MinimumVisualStudioVersion = 10.0.40219.1
Project("{8BC9CEB8-8B4A-11D0-8D11-00A0C91BC942}") = "Proyecto_Final_MAS_SmartB", "Proyecto_Final_MAS_SmartB.vcxproj", "{36A5A5C3-9159-44A5-A294-5A2A03EBE70E}"
EndProject
Global
	GlobalSection(SolutionConfigurationPlatforms) = preSolution
		Debug|x64 = Debug|x64
		Debug|x86 = Debug|x86
		Release|x64 = Release|x64
		Release|x86 = Release|x86
	EndGlobalSection
	GlobalSection(ProjectConfigurationPlatforms) = postSolution
		{36A5A5C3-9159-44A5-A294-5A2A03EBE70E}.Debug|x64.ActiveCfg = Debug|x64
		{36A5A5C3-9159-44A5-A294-5A2A03EBE70E}.Debug|x64.Build.0 = Debug|x64
		{36A5A5C3-9159-44A5-A294-5A2A03EBE70E}.Debug|x86.ActiveCfg = Debug|Win32
		{36A5A5C3-9159-44A5-A294-5A2A03EBE70E}.Debug|x86.Build.0 = Debug|Win32
		{36A5A5C3-9159-44A5-A294-5A2A03EBE70E}.Release|x64.ActiveCfg = Release|x64
		{36A5A5C3-9159-44A5-A294-5A2A03EBE70E}.Release|x64.Build.0 = Release|x64
		{36A5A5C3-9159-44A5-A294-5A2A03EBE70E}.Release|x86.ActiveCfg = Release|Win32
		{36A5A5C3-9159-44A5-A294-5A2A03EBE70E}.Release|x86.Build.0 = Release|Win32
	EndGlobalSection
	GlobalSection(SolutionProperties) = preSolution
		HideSolutionNode = FALSE
	EndGlobalSection
	GlobalSection(ExtensibilityGlobals) = postSolution
		SolutionGuid = {E59F67FF-348D-42BC-8481-00121C6EE98D}
	EndGlobalSection
EndGlobal
